// !$*UTF8*$!
{
	archiveVersion = 1;
	classes = {
	};
	objectVersion = 50;
	objects = {

/* Begin PBXBuildFile section */
		6D5CCFC52142219400ED6E6D /* AppDelegate.swift in Sources */ = {isa = PBXBuildFile; fileRef = 6D5CCFC42142219400ED6E6D /* AppDelegate.swift */; };
		6D5CCFC72142219400ED6E6D /* ViewController.swift in Sources */ = {isa = PBXBuildFile; fileRef = 6D5CCFC62142219400ED6E6D /* ViewController.swift */; };
		6D5CCFCA2142219400ED6E6D /* Main.storyboard in Resources */ = {isa = PBXBuildFile; fileRef = 6D5CCFC82142219400ED6E6D /* Main.storyboard */; };
		6D5CCFCC2142219500ED6E6D /* Assets.xcassets in Resources */ = {isa = PBXBuildFile; fileRef = 6D5CCFCB2142219500ED6E6D /* Assets.xcassets */; };
		6D5CCFCF2142219500ED6E6D /* LaunchScreen.storyboard in Resources */ = {isa = PBXBuildFile; fileRef = 6D5CCFCD2142219500ED6E6D /* LaunchScreen.storyboard */; };
		6D5CCFDA2142219600ED6E6D /* GnCategoryDemoTests.swift in Sources */ = {isa = PBXBuildFile; fileRef = 6D5CCFD92142219600ED6E6D /* GnCategoryDemoTests.swift */; };
		6D5CCFE52142219600ED6E6D /* GnCategoryDemoUITests.swift in Sources */ = {isa = PBXBuildFile; fileRef = 6D5CCFE42142219600ED6E6D /* GnCategoryDemoUITests.swift */; };
		6D5CCFF7214224F600ED6E6D /* LICENSE in Resources */ = {isa = PBXBuildFile; fileRef = 6D5CCFF6214224F600ED6E6D /* LICENSE */; };
		6DD761DA2142681300817D88 /* UIColor+Extension.swift in Sources */ = {isa = PBXBuildFile; fileRef = 6DD761D32142681300817D88 /* UIColor+Extension.swift */; };
		6DD761DB2142681300817D88 /* Int+Extension.swift in Sources */ = {isa = PBXBuildFile; fileRef = 6DD761D42142681300817D88 /* Int+Extension.swift */; };
		6DD761DC2142681300817D88 /* UIView+Extension.swift in Sources */ = {isa = PBXBuildFile; fileRef = 6DD761D52142681300817D88 /* UIView+Extension.swift */; };
		6DD761DD2142681300817D88 /* UIViewController+Extension.swift in Sources */ = {isa = PBXBuildFile; fileRef = 6DD761D62142681300817D88 /* UIViewController+Extension.swift */; };
		6DD761DE2142681300817D88 /* String+Extension.swift in Sources */ = {isa = PBXBuildFile; fileRef = 6DD761D72142681300817D88 /* String+Extension.swift */; };
		6DD761DF2142681300817D88 /* UIButton+CountDown.swift in Sources */ = {isa = PBXBuildFile; fileRef = 6DD761D82142681300817D88 /* UIButton+CountDown.swift */; };
		6DD761E02142681300817D88 /* UICollectionViewCell+Expand.swift in Sources */ = {isa = PBXBuildFile; fileRef = 6DD761D92142681300817D88 /* UICollectionViewCell+Expand.swift */; };
/* End PBXBuildFile section */

/* Begin PBXContainerItemProxy section */
		6D5CCFD62142219600ED6E6D /* PBXContainerItemProxy */ = {
			isa = PBXContainerItemProxy;
			containerPortal = 6D5CCFB92142219400ED6E6D /* Project object */;
			proxyType = 1;
			remoteGlobalIDString = 6D5CCFC02142219400ED6E6D;
			remoteInfo = GnCategoryDemo;
		};
		6D5CCFE12142219600ED6E6D /* PBXContainerItemProxy */ = {
			isa = PBXContainerItemProxy;
			containerPortal = 6D5CCFB92142219400ED6E6D /* Project object */;
			proxyType = 1;
			remoteGlobalIDString = 6D5CCFC02142219400ED6E6D;
			remoteInfo = GnCategoryDemo;
		};
/* End PBXContainerItemProxy section */

/* Begin PBXFileReference section */
		6D5CCFC12142219400ED6E6D /* GnCategoryDemo.app */ = {isa = PBXFileReference; explicitFileType = wrapper.application; includeInIndex = 0; path = GnCategoryDemo.app; sourceTree = BUILT_PRODUCTS_DIR; };
		6D5CCFC42142219400ED6E6D /* AppDelegate.swift */ = {isa = PBXFileReference; lastKnownFileType = sourcecode.swift; path = AppDelegate.swift; sourceTree = "<group>"; };
		6D5CCFC62142219400ED6E6D /* ViewController.swift */ = {isa = PBXFileReference; lastKnownFileType = sourcecode.swift; path = ViewController.swift; sourceTree = "<group>"; };
		6D5CCFC92142219400ED6E6D /* Base */ = {isa = PBXFileReference; lastKnownFileType = file.storyboard; name = Base; path = Base.lproj/Main.storyboard; sourceTree = "<group>"; };
		6D5CCFCB2142219500ED6E6D /* Assets.xcassets */ = {isa = PBXFileReference; lastKnownFileType = folder.assetcatalog; path = Assets.xcassets; sourceTree = "<group>"; };
		6D5CCFCE2142219500ED6E6D /* Base */ = {isa = PBXFileReference; lastKnownFileType = file.storyboard; name = Base; path = Base.lproj/LaunchScreen.storyboard; sourceTree = "<group>"; };
		6D5CCFD02142219500ED6E6D /* Info.plist */ = {isa = PBXFileReference; lastKnownFileType = text.plist.xml; path = Info.plist; sourceTree = "<group>"; };
		6D5CCFD52142219600ED6E6D /* GnCategoryDemoTests.xctest */ = {isa = PBXFileReference; explicitFileType = wrapper.cfbundle; includeInIndex = 0; path = GnCategoryDemoTests.xctest; sourceTree = BUILT_PRODUCTS_DIR; };
		6D5CCFD92142219600ED6E6D /* GnCategoryDemoTests.swift */ = {isa = PBXFileReference; lastKnownFileType = sourcecode.swift; path = GnCategoryDemoTests.swift; sourceTree = "<group>"; };
		6D5CCFDB2142219600ED6E6D /* Info.plist */ = {isa = PBXFileReference; lastKnownFileType = text.plist.xml; path = Info.plist; sourceTree = "<group>"; };
		6D5CCFE02142219600ED6E6D /* GnCategoryDemoUITests.xctest */ = {isa = PBXFileReference; explicitFileType = wrapper.cfbundle; includeInIndex = 0; path = GnCategoryDemoUITests.xctest; sourceTree = BUILT_PRODUCTS_DIR; };
		6D5CCFE42142219600ED6E6D /* GnCategoryDemoUITests.swift */ = {isa = PBXFileReference; lastKnownFileType = sourcecode.swift; path = GnCategoryDemoUITests.swift; sourceTree = "<group>"; };
		6D5CCFE62142219600ED6E6D /* Info.plist */ = {isa = PBXFileReference; lastKnownFileType = text.plist.xml; path = Info.plist; sourceTree = "<group>"; };
		6D5CCFF6214224F600ED6E6D /* LICENSE */ = {isa = PBXFileReference; fileEncoding = 4; lastKnownFileType = text; path = LICENSE; sourceTree = "<group>"; };
		6DD761D32142681300817D88 /* UIColor+Extension.swift */ = {isa = PBXFileReference; fileEncoding = 4; lastKnownFileType = sourcecode.swift; path = "UIColor+Extension.swift"; sourceTree = "<group>"; };
		6DD761D42142681300817D88 /* Int+Extension.swift */ = {isa = PBXFileReference; fileEncoding = 4; lastKnownFileType = sourcecode.swift; path = "Int+Extension.swift"; sourceTree = "<group>"; };
		6DD761D52142681300817D88 /* UIView+Extension.swift */ = {isa = PBXFileReference; fileEncoding = 4; lastKnownFileType = sourcecode.swift; path = "UIView+Extension.swift"; sourceTree = "<group>"; };
		6DD761D62142681300817D88 /* UIViewController+Extension.swift */ = {isa = PBXFileReference; fileEncoding = 4; lastKnownFileType = sourcecode.swift; path = "UIViewController+Extension.swift"; sourceTree = "<group>"; };
		6DD761D72142681300817D88 /* String+Extension.swift */ = {isa = PBXFileReference; fileEncoding = 4; lastKnownFileType = sourcecode.swift; path = "String+Extension.swift"; sourceTree = "<group>"; };
		6DD761D82142681300817D88 /* UIButton+CountDown.swift */ = {isa = PBXFileReference; fileEncoding = 4; lastKnownFileType = sourcecode.swift; path = "UIButton+CountDown.swift"; sourceTree = "<group>"; };
		6DD761D92142681300817D88 /* UICollectionViewCell+Expand.swift */ = {isa = PBXFileReference; fileEncoding = 4; lastKnownFileType = sourcecode.swift; path = "UICollectionViewCell+Expand.swift"; sourceTree = "<group>"; };
/* End PBXFileReference section */

/* Begin PBXFrameworksBuildPhase section */
		6D5CCFBE2142219400ED6E6D /* Frameworks */ = {
			isa = PBXFrameworksBuildPhase;
			buildActionMask = 2147483647;
			files = (
			);
			runOnlyForDeploymentPostprocessing = 0;
		};
		6D5CCFD22142219600ED6E6D /* Frameworks */ = {
			isa = PBXFrameworksBuildPhase;
			buildActionMask = 2147483647;
			files = (
			);
			runOnlyForDeploymentPostprocessing = 0;
		};
		6D5CCFDD2142219600ED6E6D /* Frameworks */ = {
			isa = PBXFrameworksBuildPhase;
			buildActionMask = 2147483647;
			files = (
			);
			runOnlyForDeploymentPostprocessing = 0;
		};
/* End PBXFrameworksBuildPhase section */

/* Begin PBXGroup section */
		6D5CCFB82142219400ED6E6D = {
			isa = PBXGroup;
			children = (
				6D5CCFF6214224F600ED6E6D /* LICENSE */,
				6DD761D22142681300817D88 /* GnCategory */,
				6D5CCFC32142219400ED6E6D /* GnCategoryDemo */,
				6D5CCFD82142219600ED6E6D /* GnCategoryDemoTests */,
				6D5CCFE32142219600ED6E6D /* GnCategoryDemoUITests */,
				6D5CCFC22142219400ED6E6D /* Products */,
			);
			sourceTree = "<group>";
		};
		6D5CCFC22142219400ED6E6D /* Products */ = {
			isa = PBXGroup;
			children = (
				6D5CCFC12142219400ED6E6D /* GnCategoryDemo.app */,
				6D5CCFD52142219600ED6E6D /* GnCategoryDemoTests.xctest */,
				6D5CCFE02142219600ED6E6D /* GnCategoryDemoUITests.xctest */,
			);
			name = Products;
			sourceTree = "<group>";
		};
		6D5CCFC32142219400ED6E6D /* GnCategoryDemo */ = {
			isa = PBXGroup;
			children = (
				6D5CCFC42142219400ED6E6D /* AppDelegate.swift */,
				6D5CCFC62142219400ED6E6D /* ViewController.swift */,
				6D5CCFC82142219400ED6E6D /* Main.storyboard */,
				6D5CCFCB2142219500ED6E6D /* Assets.xcassets */,
				6D5CCFCD2142219500ED6E6D /* LaunchScreen.storyboard */,
				6D5CCFD02142219500ED6E6D /* Info.plist */,
			);
			path = GnCategoryDemo;
			sourceTree = "<group>";
		};
		6D5CCFD82142219600ED6E6D /* GnCategoryDemoTests */ = {
			isa = PBXGroup;
			children = (
				6D5CCFD92142219600ED6E6D /* GnCategoryDemoTests.swift */,
				6D5CCFDB2142219600ED6E6D /* Info.plist */,
			);
			path = GnCategoryDemoTests;
			sourceTree = "<group>";
		};
		6D5CCFE32142219600ED6E6D /* GnCategoryDemoUITests */ = {
			isa = PBXGroup;
			children = (
				6D5CCFE42142219600ED6E6D /* GnCategoryDemoUITests.swift */,
				6D5CCFE62142219600ED6E6D /* Info.plist */,
			);
			path = GnCategoryDemoUITests;
			sourceTree = "<group>";
		};
		6DD761D22142681300817D88 /* GnCategory */ = {
			isa = PBXGroup;
			children = (
				6DD761D32142681300817D88 /* UIColor+Extension.swift */,
				6DD761D42142681300817D88 /* Int+Extension.swift */,
				6DD761D52142681300817D88 /* UIView+Extension.swift */,
				6DD761D62142681300817D88 /* UIViewController+Extension.swift */,
				6DD761D72142681300817D88 /* String+Extension.swift */,
				6DD761D82142681300817D88 /* UIButton+CountDown.swift */,
				6DD761D92142681300817D88 /* UICollectionViewCell+Expand.swift */,
			);
			name = GnCategory;
			path = ../GnCategory;
			sourceTree = "<group>";
		};
/* End PBXGroup section */

/* Begin PBXNativeTarget section */
		6D5CCFC02142219400ED6E6D /* GnCategoryDemo */ = {
			isa = PBXNativeTarget;
			buildConfigurationList = 6D5CCFE92142219600ED6E6D /* Build configuration list for PBXNativeTarget "GnCategoryDemo" */;
			buildPhases = (
				6D5CCFBD2142219400ED6E6D /* Sources */,
				6D5CCFBE2142219400ED6E6D /* Frameworks */,
				6D5CCFBF2142219400ED6E6D /* Resources */,
			);
			buildRules = (
			);
			dependencies = (
			);
			name = GnCategoryDemo;
			productName = GnCategoryDemo;
			productReference = 6D5CCFC12142219400ED6E6D /* GnCategoryDemo.app */;
			productType = "com.apple.product-type.application";
		};
		6D5CCFD42142219600ED6E6D /* GnCategoryDemoTests */ = {
			isa = PBXNativeTarget;
			buildConfigurationList = 6D5CCFEC2142219600ED6E6D /* Build configuration list for PBXNativeTarget "GnCategoryDemoTests" */;
			buildPhases = (
				6D5CCFD12142219600ED6E6D /* Sources */,
				6D5CCFD22142219600ED6E6D /* Frameworks */,
				6D5CCFD32142219600ED6E6D /* Resources */,
			);
			buildRules = (
			);
			dependencies = (
				6D5CCFD72142219600ED6E6D /* PBXTargetDependency */,
			);
			name = GnCategoryDemoTests;
			productName = GnCategoryDemoTests;
			productReference = 6D5CCFD52142219600ED6E6D /* GnCategoryDemoTests.xctest */;
			productType = "com.apple.product-type.bundle.unit-test";
		};
		6D5CCFDF2142219600ED6E6D /* GnCategoryDemoUITests */ = {
			isa = PBXNativeTarget;
			buildConfigurationList = 6D5CCFEF2142219600ED6E6D /* Build configuration list for PBXNativeTarget "GnCategoryDemoUITests" */;
			buildPhases = (
				6D5CCFDC2142219600ED6E6D /* Sources */,
				6D5CCFDD2142219600ED6E6D /* Frameworks */,
				6D5CCFDE2142219600ED6E6D /* Resources */,
			);
			buildRules = (
			);
			dependencies = (
				6D5CCFE22142219600ED6E6D /* PBXTargetDependency */,
			);
			name = GnCategoryDemoUITests;
			productName = GnCategoryDemoUITests;
			productReference = 6D5CCFE02142219600ED6E6D /* GnCategoryDemoUITests.xctest */;
			productType = "com.apple.product-type.bundle.ui-testing";
		};
/* End PBXNativeTarget section */

/* Begin PBXProject section */
		6D5CCFB92142219400ED6E6D /* Project object */ = {
			isa = PBXProject;
			attributes = {
				LastSwiftUpdateCheck = 0940;
				LastUpgradeCheck = 0940;
				ORGANIZATIONNAME = sxw;
				TargetAttributes = {
					6D5CCFC02142219400ED6E6D = {
						CreatedOnToolsVersion = 9.4.1;
					};
					6D5CCFD42142219600ED6E6D = {
						CreatedOnToolsVersion = 9.4.1;
						TestTargetID = 6D5CCFC02142219400ED6E6D;
					};
					6D5CCFDF2142219600ED6E6D = {
						CreatedOnToolsVersion = 9.4.1;
						TestTargetID = 6D5CCFC02142219400ED6E6D;
					};
				};
			};
			buildConfigurationList = 6D5CCFBC2142219400ED6E6D /* Build configuration list for PBXProject "GnCategoryDemo" */;
			compatibilityVersion = "Xcode 9.3";
			developmentRegion = en;
			hasScannedForEncodings = 0;
			knownRegions = (
				en,
				Base,
			);
			mainGroup = 6D5CCFB82142219400ED6E6D;
			productRefGroup = 6D5CCFC22142219400ED6E6D /* Products */;
			projectDirPath = "";
			projectRoot = "";
			targets = (
				6D5CCFC02142219400ED6E6D /* GnCategoryDemo */,
				6D5CCFD42142219600ED6E6D /* GnCategoryDemoTests */,
				6D5CCFDF2142219600ED6E6D /* GnCategoryDemoUITests */,
			);
		};
/* End PBXProject section */

/* Begin PBXResourcesBuildPhase section */
		6D5CCFBF2142219400ED6E6D /* Resources */ = {
			isa = PBXResourcesBuildPhase;
			buildActionMask = 2147483647;
			files = (
				6D5CCFCF2142219500ED6E6D /* LaunchScreen.storyboard in Resources */,
				6D5CCFCC2142219500ED6E6D /* Assets.xcassets in Resources */,
				6D5CCFF7214224F600ED6E6D /* LICENSE in Resources */,
				6D5CCFCA2142219400ED6E6D /* Main.storyboard in Resources */,
			);
			runOnlyForDeploymentPostprocessing = 0;
		};
		6D5CCFD32142219600ED6E6D /* Resources */ = {
			isa = PBXResourcesBuildPhase;
			buildActionMask = 2147483647;
			files = (
			);
			runOnlyForDeploymentPostprocessing = 0;
		};
		6D5CCFDE2142219600ED6E6D /* Resources */ = {
			isa = PBXResourcesBuildPhase;
			buildActionMask = 2147483647;
			files = (
			);
			runOnlyForDeploymentPostprocessing = 0;
		};
/* End PBXResourcesBuildPhase section */

/* Begin PBXSourcesBuildPhase section */
		6D5CCFBD2142219400ED6E6D /* Sources */ = {
			isa = PBXSourcesBuildPhase;
			buildActionMask = 2147483647;
			files = (
				6DD761E02142681300817D88 /* UICollectionViewCell+Expand.swift in Sources */,
				6DD761DD2142681300817D88 /* UIViewController+Extension.swift in Sources */,
				6DD761DF2142681300817D88 /* UIButton+CountDown.swift in Sources */,
				6DD761DE2142681300817D88 /* String+Extension.swift in Sources */,
				6DD761DA2142681300817D88 /* UIColor+Extension.swift in Sources */,
				6DD761DB2142681300817D88 /* Int+Extension.swift in Sources */,
				6D5CCFC72142219400ED6E6D /* ViewController.swift in Sources */,
				6DD761DC2142681300817D88 /* UIView+Extension.swift in Sources */,
				6D5CCFC52142219400ED6E6D /* AppDelegate.swift in Sources */,
			);
			runOnlyForDeploymentPostprocessing = 0;
		};
		6D5CCFD12142219600ED6E6D /* Sources */ = {
			isa = PBXSourcesBuildPhase;
			buildActionMask = 2147483647;
			files = (
				6D5CCFDA2142219600ED6E6D /* GnCategoryDemoTests.swift in Sources */,
			);
			runOnlyForDeploymentPostprocessing = 0;
		};
		6D5CCFDC2142219600ED6E6D /* Sources */ = {
			isa = PBXSourcesBuildPhase;
			buildActionMask = 2147483647;
			files = (
				6D5CCFE52142219600ED6E6D /* GnCategoryDemoUITests.swift in Sources */,
			);
			runOnlyForDeploymentPostprocessing = 0;
		};
/* End PBXSourcesBuildPhase section */

/* Begin PBXTargetDependency section */
		6D5CCFD72142219600ED6E6D /* PBXTargetDependency */ = {
			isa = PBXTargetDependency;
			target = 6D5CCFC02142219400ED6E6D /* GnCategoryDemo */;
			targetProxy = 6D5CCFD62142219600ED6E6D /* PBXContainerItemProxy */;
		};
		6D5CCFE22142219600ED6E6D /* PBXTargetDependency */ = {
			isa = PBXTargetDependency;
			target = 6D5CCFC02142219400ED6E6D /* GnCategoryDemo */;
			targetProxy = 6D5CCFE12142219600ED6E6D /* PBXContainerItemProxy */;
		};
/* End PBXTargetDependency section */

/* Begin PBXVariantGroup section */
		6D5CCFC82142219400ED6E6D /* Main.storyboard */ = {
			isa = PBXVariantGroup;
			children = (
				6D5CCFC92142219400ED6E6D /* Base */,
			);
			name = Main.storyboard;
			sourceTree = "<group>";
		};
		6D5CCFCD2142219500ED6E6D /* LaunchScreen.storyboard */ = {
			isa = PBXVariantGroup;
			children = (
				6D5CCFCE2142219500ED6E6D /* Base */,
			);
			name = LaunchScreen.storyboard;
			sourceTree = "<group>";
		};
/* End PBXVariantGroup section */

/* Begin XCBuildConfiguration section */
		6D5CCFE72142219600ED6E6D /* Debug */ = {
			isa = XCBuildConfiguration;
			buildSettings = {
				ALWAYS_SEARCH_USER_PATHS = NO;
				CLANG_ANALYZER_NONNULL = YES;
				CLANG_ANALYZER_NUMBER_OBJECT_CONVERSION = YES_AGGRESSIVE;
				CLANG_CXX_LANGUAGE_STANDARD = "gnu++14";
				CLANG_CXX_LIBRARY = "libc++";
				CLANG_ENABLE_MODULES = YES;
				CLANG_ENABLE_OBJC_ARC = YES;
				CLANG_ENABLE_OBJC_WEAK = YES;
				CLANG_WARN_BLOCK_CAPTURE_AUTORELEASING = YES;
				CLANG_WARN_BOOL_CONVERSION = YES;
				CLANG_WARN_COMMA = YES;
				CLANG_WARN_CONSTANT_CONVERSION = YES;
				CLANG_WARN_DEPRECATED_OBJC_IMPLEMENTATIONS = YES;
				CLANG_WARN_DIRECT_OBJC_ISA_USAGE = YES_ERROR;
				CLANG_WARN_DOCUMENTATION_COMMENTS = YES;
				CLANG_WARN_EMPTY_BODY = YES;
				CLANG_WARN_ENUM_CONVERSION = YES;
				CLANG_WARN_INFINITE_RECURSION = YES;
				CLANG_WARN_INT_CONVERSION = YES;
				CLANG_WARN_NON_LITERAL_NULL_CONVERSION = YES;
				CLANG_WARN_OBJC_IMPLICIT_RETAIN_SELF = YES;
				CLANG_WARN_OBJC_LITERAL_CONVERSION = YES;
				CLANG_WARN_OBJC_ROOT_CLASS = YES_ERROR;
				CLANG_WARN_RANGE_LOOP_ANALYSIS = YES;
				CLANG_WARN_STRICT_PROTOTYPES = YES;
				CLANG_WARN_SUSPICIOUS_MOVE = YES;
				CLANG_WARN_UNGUARDED_AVAILABILITY = YES_AGGRESSIVE;
				CLANG_WARN_UNREACHABLE_CODE = YES;
				CLANG_WARN__DUPLICATE_METHOD_MATCH = YES;
				CODE_SIGN_IDENTITY = "iPhone Developer";
				COPY_PHASE_STRIP = NO;
				DEBUG_INFORMATION_FORMAT = dwarf;
				ENABLE_STRICT_OBJC_MSGSEND = YES;
				ENABLE_TESTABILITY = YES;
				GCC_C_LANGUAGE_STANDARD = gnu11;
				GCC_DYNAMIC_NO_PIC = NO;
				GCC_NO_COMMON_BLOCKS = YES;
				GCC_OPTIMIZATION_LEVEL = 0;
				GCC_PREPROCESSOR_DEFINITIONS = (
					"DEBUG=1",
					"$(inherited)",
				);
				GCC_WARN_64_TO_32_BIT_CONVERSION = YES;
				GCC_WARN_ABOUT_RETURN_TYPE = YES_ERROR;
				GCC_WARN_UNDECLARED_SELECTOR = YES;
				GCC_WARN_UNINITIALIZED_AUTOS = YES_AGGRESSIVE;
				GCC_WARN_UNUSED_FUNCTION = YES;
				GCC_WARN_UNUSED_VARIABLE = YES;
				IPHONEOS_DEPLOYMENT_TARGET = 11.4;
				MTL_ENABLE_DEBUG_INFO = YES;
				ONLY_ACTIVE_ARCH = YES;
				SDKROOT = iphoneos;
				SWIFT_ACTIVE_COMPILATION_CONDITIONS = DEBUG;
				SWIFT_OPTIMIZATION_LEVEL = "-Onone";
			};
			name = Debug;
		};
		6D5CCFE82142219600ED6E6D /* Release */ = {
			isa = XCBuildConfiguration;
			buildSettings = {
				ALWAYS_SEARCH_USER_PATHS = NO;
				CLANG_ANALYZER_NONNULL = YES;
				CLANG_ANALYZER_NUMBER_OBJECT_CONVERSION = YES_AGGRESSIVE;
				CLANG_CXX_LANGUAGE_STANDARD = "gnu++14";
				CLANG_CXX_LIBRARY = "libc++";
				CLANG_ENABLE_MODULES = YES;
				CLANG_ENABLE_OBJC_ARC = YES;
				CLANG_ENABLE_OBJC_WEAK = YES;
				CLANG_WARN_BLOCK_CAPTURE_AUTORELEASING = YES;
				CLANG_WARN_BOOL_CONVERSION = YES;
				CLANG_WARN_COMMA = YES;
				CLANG_WARN_CONSTANT_CONVERSION = YES;
				CLANG_WARN_DEPRECATED_OBJC_IMPLEMENTATIONS = YES;
				CLANG_WARN_DIRECT_OBJC_ISA_USAGE = YES_ERROR;
				CLANG_WARN_DOCUMENTATION_COMMENTS = YES;
				CLANG_WARN_EMPTY_BODY = YES;
				CLANG_WARN_ENUM_CONVERSION = YES;
				CLANG_WARN_INFINITE_RECURSION = YES;
				CLANG_WARN_INT_CONVERSION = YES;
				CLANG_WARN_NON_LITERAL_NULL_CONVERSION = YES;
				CLANG_WARN_OBJC_IMPLICIT_RETAIN_SELF = YES;
				CLANG_WARN_OBJC_LITERAL_CONVERSION = YES;
				CLANG_WARN_OBJC_ROOT_CLASS = YES_ERROR;
				CLANG_WARN_RANGE_LOOP_ANALYSIS = YES;
				CLANG_WARN_STRICT_PROTOTYPES = YES;
				CLANG_WARN_SUSPICIOUS_MOVE = YES;
				CLANG_WARN_UNGUARDED_AVAILABILITY = YES_AGGRESSIVE;
				CLANG_WARN_UNREACHABLE_CODE = YES;
				CLANG_WARN__DUPLICATE_METHOD_MATCH = YES;
				CODE_SIGN_IDENTITY = "iPhone Developer";
				COPY_PHASE_STRIP = NO;
				DEBUG_INFORMATION_FORMAT = "dwarf-with-dsym";
				ENABLE_NS_ASSERTIONS = NO;
				ENABLE_STRICT_OBJC_MSGSEND = YES;
				GCC_C_LANGUAGE_STANDARD = gnu11;
				GCC_NO_COMMON_BLOCKS = YES;
				GCC_WARN_64_TO_32_BIT_CONVERSION = YES;
				GCC_WARN_ABOUT_RETURN_TYPE = YES_ERROR;
				GCC_WARN_UNDECLARED_SELECTOR = YES;
				GCC_WARN_UNINITIALIZED_AUTOS = YES_AGGRESSIVE;
				GCC_WARN_UNUSED_FUNCTION = YES;
				GCC_WARN_UNUSED_VARIABLE = YES;
				IPHONEOS_DEPLOYMENT_TARGET = 11.4;
				MTL_ENABLE_DEBUG_INFO = NO;
				SDKROOT = iphoneos;
				SWIFT_COMPILATION_MODE = wholemodule;
				SWIFT_OPTIMIZATION_LEVEL = "-O";
				VALIDATE_PRODUCT = YES;
			};
			name = Release;
		};
		6D5CCFEA2142219600ED6E6D /* Debug */ = {
			isa = XCBuildConfiguration;
			buildSettings = {
				ASSETCATALOG_COMPILER_APPICON_NAME = AppIcon;
				CODE_SIGN_STYLE = Automatic;
				DEVELOPMENT_TEAM = VEC98N4C8B;
				INFOPLIST_FILE = GnCategoryDemo/Info.plist;
				LD_RUNPATH_SEARCH_PATHS = (
					"$(inherited)",
					"@executable_path/Frameworks",
				);
				PRODUCT_BUNDLE_IDENTIFIER = com.swx.zhirengu.GnCategoryDemo;
				PRODUCT_NAME = "$(TARGET_NAME)";
				SWIFT_VERSION = 4.0;
				TARGETED_DEVICE_FAMILY = "1,2";
			};
			name = Debug;
		};
		6D5CCFEB2142219600ED6E6D /* Release */ = {
			isa = XCBuildConfiguration;
			buildSettings = {
				ASSETCATALOG_COMPILER_APPICON_NAME = AppIcon;
				CODE_SIGN_STYLE = Automatic;
				DEVELOPMENT_TEAM = VEC98N4C8B;
				INFOPLIST_FILE = GnCategoryDemo/Info.plist;
				LD_RUNPATH_SEARCH_PATHS = (
					"$(inherited)",
					"@executable_path/Frameworks",
				);
				PRODUCT_BUNDLE_IDENTIFIER = com.swx.zhirengu.GnCategoryDemo;
				PRODUCT_NAME = "$(TARGET_NAME)";
				SWIFT_VERSION = 4.0;
				TARGETED_DEVICE_FAMILY = "1,2";
			};
			name = Release;
		};
		6D5CCFED2142219600ED6E6D /* Debug */ = {
			isa = XCBuildConfiguration;
			buildSettings = {
				ALWAYS_EMBED_SWIFT_STANDARD_LIBRARIES = YES;
				BUNDLE_LOADER = "$(TEST_HOST)";
				CODE_SIGN_STYLE = Automatic;
				DEVELOPMENT_TEAM = VEC98N4C8B;
				INFOPLIST_FILE = GnCategoryDemoTests/Info.plist;
				LD_RUNPATH_SEARCH_PATHS = (
					"$(inherited)",
					"@executable_path/Frameworks",
					"@loader_path/Frameworks",
				);
				PRODUCT_BUNDLE_IDENTIFIER = com.swx.zhirengu.GnCategoryDemoTests;
				PRODUCT_NAME = "$(TARGET_NAME)";
				SWIFT_VERSION = 4.0;
				TARGETED_DEVICE_FAMILY = "1,2";
				TEST_HOST = "$(BUILT_PRODUCTS_DIR)/GnCategoryDemo.app/GnCategoryDemo";
			};
			name = Debug;
		};
		6D5CCFEE2142219600ED6E6D /* Release */ = {
			isa = XCBuildConfiguration;
			buildSettings = {
				ALWAYS_EMBED_SWIFT_STANDARD_LIBRARIES = YES;
				BUNDLE_LOADER = "$(TEST_HOST)";
				CODE_SIGN_STYLE = Automatic;
				DEVELOPMENT_TEAM = VEC98N4C8B;
				INFOPLIST_FILE = GnCategoryDemoTests/Info.plist;
				LD_RUNPATH_SEARCH_PATHS = (
					"$(inherited)",
					"@executable_path/Frameworks",
					"@loader_path/Frameworks",
				);
				PRODUCT_BUNDLE_IDENTIFIER = com.swx.zhirengu.GnCategoryDemoTests;
				PRODUCT_NAME = "$(TARGET_NAME)";
				SWIFT_VERSION = 4.0;
				TARGETED_DEVICE_FAMILY = "1,2";
				TEST_HOST = "$(BUILT_PRODUCTS_DIR)/GnCategoryDemo.app/GnCategoryDemo";
			};
			name = Release;
		};
		6D5CCFF02142219600ED6E6D /* Debug */ = {
			isa = XCBuildConfiguration;
			buildSettings = {
				ALWAYS_EMBED_SWIFT_STANDARD_LIBRARIES = YES;
				CODE_SIGN_STYLE = Automatic;
				DEVELOPMENT_TEAM = VEC98N4C8B;
				INFOPLIST_FILE = GnCategoryDemoUITests/Info.plist;
				LD_RUNPATH_SEARCH_PATHS = (
					"$(inherited)",
					"@executable_path/Frameworks",
					"@loader_path/Frameworks",
				);
				PRODUCT_BUNDLE_IDENTIFIER = com.swx.zhirengu.GnCategoryDemoUITests;
				PRODUCT_NAME = "$(TARGET_NAME)";
				SWIFT_VERSION = 4.0;
				TARGETED_DEVICE_FAMILY = "1,2";
				TEST_TARGET_NAME = GnCategoryDemo;
			};
			name = Debug;
		};
		6D5CCFF12142219600ED6E6D /* Release */ = {
			isa = XCBuildConfiguration;
			buildSettings = {
				ALWAYS_EMBED_SWIFT_STANDARD_LIBRARIES = YES;
				CODE_SIGN_STYLE = Automatic;
				DEVELOPMENT_TEAM = VEC98N4C8B;
				INFOPLIST_FILE = GnCategoryDemoUITests/Info.plist;
				LD_RUNPATH_SEARCH_PATHS = (
					"$(inherited)",
					"@executable_path/Frameworks",
					"@loader_path/Frameworks",
				);
				PRODUCT_BUNDLE_IDENTIFIER = com.swx.zhirengu.GnCategoryDemoUITests;
				PRODUCT_NAME = "$(TARGET_NAME)";
				SWIFT_VERSION = 4.0;
				TARGETED_DEVICE_FAMILY = "1,2";
				TEST_TARGET_NAME = GnCategoryDemo;
			};
			name = Release;
		};
/* End XCBuildConfiguration section */

/* Begin XCConfigurationList section */
		6D5CCFBC2142219400ED6E6D /* Build configuration list for PBXProject "GnCategoryDemo" */ = {
			isa = XCConfigurationList;
			buildConfigurations = (
				6D5CCFE72142219600ED6E6D /* Debug */,
				6D5CCFE82142219600ED6E6D /* Release */,
			);
			defaultConfigurationIsVisible = 0;
			defaultConfigurationName = Release;
		};
		6D5CCFE92142219600ED6E6D /* Build configuration list for PBXNativeTarget "GnCategoryDemo" */ = {
			isa = XCConfigurationList;
			buildConfigurations = (
				6D5CCFEA2142219600ED6E6D /* Debug */,
				6D5CCFEB2142219600ED6E6D /* Release */,
			);
			defaultConfigurationIsVisible = 0;
			defaultConfigurationName = Release;
		};
		6D5CCFEC2142219600ED6E6D /* Build configuration list for PBXNativeTarget "GnCategoryDemoTests" */ = {
			isa = XCConfigurationList;
			buildConfigurations = (
				6D5CCFED2142219600ED6E6D /* Debug */,
				6D5CCFEE2142219600ED6E6D /* Release */,
			);
			defaultConfigurationIsVisible = 0;
			defaultConfigurationName = Release;
		};
		6D5CCFEF2142219600ED6E6D /* Build configuration list for PBXNativeTarget "GnCategoryDemoUITests" */ = {
			isa = XCConfigurationList;
			buildConfigurations = (
				6D5CCFF02142219600ED6E6D /* Debug */,
				6D5CCFF12142219600ED6E6D /* Release */,
			);
			defaultConfigurationIsVisible = 0;
			defaultConfigurationName = Release;
		};
/* End XCConfigurationList section */
	};
	rootObject = 6D5CCFB92142219400ED6E6D /* Project object */;
}
